
Microsoft Visual Studio Solution File, Format Version 12.00
# Visual Studio Version 17
VisualStudioVersion = 17.5.33530.505
MinimumVisualStudioVersion = 10.0.40219.1
Project("{FAE04EC0-301F-11D3-BF4B-00C04F79EFBC}") = "Maps.Android", "Maps\Maps.Android\Maps.Android.csproj", "{39CF274D-ABBD-406A-9E31-CA9CC906DC34}"
EndProject
Project("{FAE04EC0-301F-11D3-BF4B-00C04F79EFBC}") = "Maps", "Maps\Maps\Maps.csproj", "{94F5A5BA-00CB-41C3-89D2-77497BA903C7}"
EndProject
Global
	GlobalSection(SolutionConfigurationPlatforms) = preSolution
		Debug|Any CPU = Debug|Any CPU
		Release|Any CPU = Release|Any CPU
	EndGlobalSection
	GlobalSection(ProjectConfigurationPlatforms) = postSolution
		{39CF274D-ABBD-406A-9E31-CA9CC906DC34}.Debug|Any CPU.ActiveCfg = Debug|Any CPU
		{39CF274D-ABBD-406A-9E31-CA9CC906DC34}.Debug|Any CPU.Build.0 = Debug|Any CPU
		{39CF274D-ABBD-406A-9E31-CA9CC906DC34}.Debug|Any CPU.Deploy.0 = Debug|Any CPU
		{39CF274D-ABBD-406A-9E31-CA9CC906DC34}.Release|Any CPU.ActiveCfg = Release|Any CPU
		{39CF274D-ABBD-406A-9E31-CA9CC906DC34}.Release|Any CPU.Build.0 = Release|Any CPU
		{39CF274D-ABBD-406A-9E31-CA9CC906DC34}.Release|Any CPU.Deploy.0 = Release|Any CPU
		{94F5A5BA-00CB-41C3-89D2-77497BA903C7}.Debug|Any CPU.ActiveCfg = Debug|Any CPU
		{94F5A5BA-00CB-41C3-89D2-77497BA903C7}.Debug|Any CPU.Build.0 = Debug|Any CPU
		{94F5A5BA-00CB-41C3-89D2-77497BA903C7}.Debug|Any CPU.Deploy.0 = Debug|Any CPU
		{94F5A5BA-00CB-41C3-89D2-77497BA903C7}.Release|Any CPU.ActiveCfg = Release|Any CPU
		{94F5A5BA-00CB-41C3-89D2-77497BA903C7}.Release|Any CPU.Build.0 = Release|Any CPU
		{94F5A5BA-00CB-41C3-89D2-77497BA903C7}.Release|Any CPU.Deploy.0 = Release|Any CPU
	EndGlobalSection
	GlobalSection(SolutionProperties) = preSolution
		HideSolutionNode = FALSE
	EndGlobalSection
	GlobalSection(ExtensibilityGlobals) = postSolution
		SolutionGuid = {809239B3-1795-4FAB-95B1-8B360F4E79C5}
	EndGlobalSection
EndGlobal
